
Microsoft Visual Studio Solution File, Format Version 12.00
# Visual Studio Version 16
VisualStudioVersion = 16.0.29102.190
MinimumVisualStudioVersion = 10.0.40219.1
Project("{9A19103F-16F7-4668-BE54-9A1E7A4F7556}") = "Attendance", "Attendance\Attendance.csproj", "{691F543F-EB83-4F4A-8C55-D372565003E9}"
EndProject
Project("{9A19103F-16F7-4668-BE54-9A1E7A4F7556}") = "Domain", "Domain\Domain.csproj", "{B62C51FB-FC68-4522-A046-CF8A2BE886B1}"
EndProject
Project("{9A19103F-16F7-4668-BE54-9A1E7A4F7556}") = "Persistence", "Persistence\Persistence.csproj", "{5325FD00-93AE-4589-8D80-CCD6D5B5593B}"
EndProject
Project("{9A19103F-16F7-4668-BE54-9A1E7A4F7556}") = "Services", "AttendanceService\Services.csproj", "{4987885D-57B4-4168-A25C-0942A16C5E7F}"
EndProject
Project("{9A19103F-16F7-4668-BE54-9A1E7A4F7556}") = "DTO", "DTO\DTO.csproj", "{CDFF0AF3-85EB-44C7-9090-BA5ADA1D45B8}"
EndProject
Project("{9A19103F-16F7-4668-BE54-9A1E7A4F7556}") = "IntegrationTests", "IntegrationTests\IntegrationTests.csproj", "{CC936682-AB7E-4C55-93B1-F653239F91FD}"
EndProject
Project("{2150E333-8FDC-42A3-9474-1A3956D46DE8}") = "DockerFile", "DockerFile", "{AF19E1D5-54B5-4C29-821E-C0120A788003}"
	ProjectSection(SolutionItems) = preProject
		Dockerfile = Dockerfile
	EndProjectSection
EndProject
Global
	GlobalSection(SolutionConfigurationPlatforms) = preSolution
		Debug|Any CPU = Debug|Any CPU
		Release|Any CPU = Release|Any CPU
	EndGlobalSection
	GlobalSection(ProjectConfigurationPlatforms) = postSolution
		{691F543F-EB83-4F4A-8C55-D372565003E9}.Debug|Any CPU.ActiveCfg = Debug|Any CPU
		{691F543F-EB83-4F4A-8C55-D372565003E9}.Debug|Any CPU.Build.0 = Debug|Any CPU
		{691F543F-EB83-4F4A-8C55-D372565003E9}.Release|Any CPU.ActiveCfg = Release|Any CPU
		{691F543F-EB83-4F4A-8C55-D372565003E9}.Release|Any CPU.Build.0 = Release|Any CPU
		{B62C51FB-FC68-4522-A046-CF8A2BE886B1}.Debug|Any CPU.ActiveCfg = Debug|Any CPU
		{B62C51FB-FC68-4522-A046-CF8A2BE886B1}.Debug|Any CPU.Build.0 = Debug|Any CPU
		{B62C51FB-FC68-4522-A046-CF8A2BE886B1}.Release|Any CPU.ActiveCfg = Release|Any CPU
		{B62C51FB-FC68-4522-A046-CF8A2BE886B1}.Release|Any CPU.Build.0 = Release|Any CPU
		{5325FD00-93AE-4589-8D80-CCD6D5B5593B}.Debug|Any CPU.ActiveCfg = Debug|Any CPU
		{5325FD00-93AE-4589-8D80-CCD6D5B5593B}.Debug|Any CPU.Build.0 = Debug|Any CPU
		{5325FD00-93AE-4589-8D80-CCD6D5B5593B}.Release|Any CPU.ActiveCfg = Release|Any CPU
		{5325FD00-93AE-4589-8D80-CCD6D5B5593B}.Release|Any CPU.Build.0 = Release|Any CPU
		{4987885D-57B4-4168-A25C-0942A16C5E7F}.Debug|Any CPU.ActiveCfg = Debug|Any CPU
		{4987885D-57B4-4168-A25C-0942A16C5E7F}.Debug|Any CPU.Build.0 = Debug|Any CPU
		{4987885D-57B4-4168-A25C-0942A16C5E7F}.Release|Any CPU.ActiveCfg = Release|Any CPU
		{4987885D-57B4-4168-A25C-0942A16C5E7F}.Release|Any CPU.Build.0 = Release|Any CPU
		{CDFF0AF3-85EB-44C7-9090-BA5ADA1D45B8}.Debug|Any CPU.ActiveCfg = Debug|Any CPU
		{CDFF0AF3-85EB-44C7-9090-BA5ADA1D45B8}.Debug|Any CPU.Build.0 = Debug|Any CPU
		{CDFF0AF3-85EB-44C7-9090-BA5ADA1D45B8}.Release|Any CPU.ActiveCfg = Release|Any CPU
		{CDFF0AF3-85EB-44C7-9090-BA5ADA1D45B8}.Release|Any CPU.Build.0 = Release|Any CPU
		{CC936682-AB7E-4C55-93B1-F653239F91FD}.Debug|Any CPU.ActiveCfg = Debug|Any CPU
		{CC936682-AB7E-4C55-93B1-F653239F91FD}.Debug|Any CPU.Build.0 = Debug|Any CPU
		{CC936682-AB7E-4C55-93B1-F653239F91FD}.Release|Any CPU.ActiveCfg = Release|Any CPU
		{CC936682-AB7E-4C55-93B1-F653239F91FD}.Release|Any CPU.Build.0 = Release|Any CPU
	EndGlobalSection
	GlobalSection(SolutionProperties) = preSolution
		HideSolutionNode = FALSE
	EndGlobalSection
	GlobalSection(ExtensibilityGlobals) = postSolution
		SolutionGuid = {4A5335D8-5F34-489E-A26E-36707DEC71B2}
	EndGlobalSection
EndGlobal
